
Microsoft Visual Studio Solution File, Format Version 12.00
# Visual Studio Version 17
VisualStudioVersion = 17.0.32126.317
MinimumVisualStudioVersion = 10.0.40219.1
Project("{FAE04EC0-301F-11D3-BF4B-00C04F79EFBC}") = "ReflectionPropertyTraverser", "ReflectionPropertyTraverser\ReflectionPropertyTraverser.csproj", "{0612D507-6D67-4291-9833-AA558E5361D4}"
EndProject
Global
	GlobalSection(SolutionConfigurationPlatforms) = preSolution
		Debug|Any CPU = Debug|Any CPU
		Release|Any CPU = Release|Any CPU
	EndGlobalSection
	GlobalSection(ProjectConfigurationPlatforms) = postSolution
		{0612D507-6D67-4291-9833-AA558E5361D4}.Debug|Any CPU.ActiveCfg = Debug|Any CPU
		{0612D507-6D67-4291-9833-AA558E5361D4}.Debug|Any CPU.Build.0 = Debug|Any CPU
		{0612D507-6D67-4291-9833-AA558E5361D4}.Release|Any CPU.ActiveCfg = Release|Any CPU
		{0612D507-6D67-4291-9833-AA558E5361D4}.Release|Any CPU.Build.0 = Release|Any CPU
	EndGlobalSection
	GlobalSection(SolutionProperties) = preSolution
		HideSolutionNode = FALSE
	EndGlobalSection
	GlobalSection(ExtensibilityGlobals) = postSolution
		SolutionGuid = {CEBAC649-E2D8-4E56-A7F2-3C25B6BB5293}
	EndGlobalSection
EndGlobal
